{
  "name": "idTip",
  "lockfileVersion": 3,
  "requires": true,
  "packages": {
    "": {
      "devDependencies": {
        "versions": "12.0.0"
      }
    },
    "node_modules/versions": {
      "version": "12.0.0",
      "resolved": "https://registry.npmjs.org/versions/-/versions-12.0.0.tgz",
      "integrity": "sha512-RXEl0P1ziVX+u6JmV0VQKktbR3XKYBQV7YvGyJ0fomg4WuSO6d1lIqDeiD85iq9jdZFgt+KKg6vei7NEsJcPTA==",
      "dev": true,
      "bin": {
        "versions": "bin/versions.js"
      },
      "engines": {
        "node": ">=18"
      }
    }
  }
}
