{
  "name": "idTip",
  "lockfileVersion": 2,
  "requires": true,
  "packages": {
    "": {
      "devDependencies": {
        "versions": "10.2.4"
      }
    },
    "node_modules/versions": {
      "version": "10.2.4",
      "resolved": "https://registry.npmjs.org/versions/-/versions-10.2.4.tgz",
      "integrity": "sha512-aywOMhjQgYXL/Zf1vQorZXZ1RJle3ajgyCFqPu5Co3eC/ywgk8chZpW52WkOxCXu/pGkm5ztKYzfVRoJtY7Aew==",
      "dev": true,
      "bin": {
        "versions": "bin/versions.js"
      },
      "engines": {
        "node": ">=14"
      }
    }
  },
  "dependencies": {
    "versions": {
      "version": "10.2.4",
      "resolved": "https://registry.npmjs.org/versions/-/versions-10.2.4.tgz",
      "integrity": "sha512-aywOMhjQgYXL/Zf1vQorZXZ1RJle3ajgyCFqPu5Co3eC/ywgk8chZpW52WkOxCXu/pGkm5ztKYzfVRoJtY7Aew==",
      "dev": true
    }
  }
}
