lockfileVersion: '9.0'

settings:
  autoInstallPeers: true
  excludeLinksFromLockfile: false

importers:

  .:
    devDependencies:
      '@types/node':
        specifier: 25.6.0
        version: 25.6.0
      '@typescript/native-preview':
        specifier: 7.0.0-dev.20260413.1
        version: 7.0.0-dev.20260413.1
      typescript:
        specifier: 6.0.2
        version: 6.0.2
      typescript-config-silverwind:
        specifier: 17.0.0
        version: 17.0.0
      updates-config-silverwind:
        specifier: 2.1.0
        version: 2.1.0(prettier@3.8.2)
      versions:
        specifier: 14.3.1
        version: 14.3.1

packages:

  '@types/node@25.6.0':
    resolution: {integrity: sha512-+qIYRKdNYJwY3vRCZMdJbPLJAtGjQBudzZzdzwQYkEPQd+PJGixUL5QfvCLDaULoLv+RhT3LDkwEfKaAkgSmNQ==}

  '@typescript/native-preview-darwin-arm64@7.0.0-dev.20260413.1':
    resolution: {integrity: sha512-CDgxIPvAWRCfOiQKvSk4wUkAoRW4Cy6vfAUBPNHSeLalIt43ToF0LOAsa5uLyRGsftjfMYY0A4qFOmgDvBhgzQ==}
    cpu: [arm64]
    os: [darwin]

  '@typescript/native-preview-darwin-x64@7.0.0-dev.20260413.1':
    resolution: {integrity: sha512-oiMmUtNMaqBh+eUogX53ichcEf7d+7upC0qa7xS9zWl85XEPKlrZCZpZ79yixw1PkdpjqJJigI11bmCi/JVv+g==}
    cpu: [x64]
    os: [darwin]

  '@typescript/native-preview-linux-arm64@7.0.0-dev.20260413.1':
    resolution: {integrity: sha512-hPKanfs9c+7953gIYw13CNxN0HqFAOfJjnWk4SHqSBe3Pj9pxoeJvvRWlofp5C833eOZK6gZB7ll0/uNb0djtA==}
    cpu: [arm64]
    os: [linux]

  '@typescript/native-preview-linux-arm@7.0.0-dev.20260413.1':
    resolution: {integrity: sha512-0lSXBzBVsxIGrFv/PxoswzMptsnU6BgSk7GMAUt/o1dVw36R2XrSs538vwKnujaJwt4iIdMS0uGdpUC5s9jkzQ==}
    cpu: [arm]
    os: [linux]

  '@typescript/native-preview-linux-x64@7.0.0-dev.20260413.1':
    resolution: {integrity: sha512-8Cr477HRmHZ5YyLfikNvw7qp3/WmnRjzIzJhUDrAx5173OBe8BdyV9jPemFHKDPqwI1AUMTijvptOFoQE7429w==}
    cpu: [x64]
    os: [linux]

  '@typescript/native-preview-win32-arm64@7.0.0-dev.20260413.1':
    resolution: {integrity: sha512-ulJD9ZbIQyTBIDx8zzAzQLtbvQDGHSWrNRgkgBU5Os2NTYADQRco4pU747R9wZPMLopy3IeNck6m8vwPoYMk1g==}
    cpu: [arm64]
    os: [win32]

  '@typescript/native-preview-win32-x64@7.0.0-dev.20260413.1':
    resolution: {integrity: sha512-x7DsSXnLQBf5XBBR8luHf1Nc/T1eByUmrOSEThW6825UB7lHoPlqKdhIoUNnTnS4nXQMxLwcusD4P1EP23GPJw==}
    cpu: [x64]
    os: [win32]

  '@typescript/native-preview@7.0.0-dev.20260413.1':
    resolution: {integrity: sha512-twzr3V4QLEbXaESuI2DqdzutOVFGpkY3VZDR9sF8YlLsAXkwyQvZo58cKM77mZcsHoCR4lCYcdTatWTTa/+8tw==}
    hasBin: true

  prettier@3.8.2:
    resolution: {integrity: sha512-8c3mgTe0ASwWAJK+78dpviD+A8EqhndQPUBpNUIPt6+xWlIigCwfN01lWr9MAede4uqXGTEKeQWTvzb3vjia0Q==}
    engines: {node: '>=14'}
    hasBin: true

  typescript-config-silverwind@17.0.0:
    resolution: {integrity: sha512-/sQpZO0YTCYnRONG6YYbx5L1aNLSonGCNPj6us/ILup2Z41E4dINWK8k+unxTbW82qE0uej9FUoY2+jh2ITG3g==}

  typescript@6.0.2:
    resolution: {integrity: sha512-bGdAIrZ0wiGDo5l8c++HWtbaNCWTS4UTv7RaTH/ThVIgjkveJt83m74bBHMJkuCbslY8ixgLBVZJIOiQlQTjfQ==}
    engines: {node: '>=14.17'}
    hasBin: true

  undici-types@7.19.2:
    resolution: {integrity: sha512-qYVnV5OEm2AW8cJMCpdV20CDyaN3g0AjDlOGf1OW4iaDEx8MwdtChUp4zu4H0VP3nDRF/8RKWH+IPp9uW0YGZg==}

  updates-config-silverwind@2.1.0:
    resolution: {integrity: sha512-PvtBYRAGWQYCFSnc/FzfGwkV8INcCbRoCPiEz79MgcRq574N3eEES7T11AdM0SxmxwDeIbQWdvKVo1JJxCJolA==}
    engines: {node: '>=20'}
    peerDependencies:
      prettier: '*'

  versions@14.3.1:
    resolution: {integrity: sha512-goCSxgrE0dWs1lOBgvdfQEaSYHlY9ogHofsAZ9KLTp10uvkm/TlZY4/I7cl2/n80tmZFSCcnhfhlE+9CEuTrcg==}
    engines: {node: '>=22'}
    hasBin: true

snapshots:

  '@types/node@25.6.0':
    dependencies:
      undici-types: 7.19.2

  '@typescript/native-preview-darwin-arm64@7.0.0-dev.20260413.1':
    optional: true

  '@typescript/native-preview-darwin-x64@7.0.0-dev.20260413.1':
    optional: true

  '@typescript/native-preview-linux-arm64@7.0.0-dev.20260413.1':
    optional: true

  '@typescript/native-preview-linux-arm@7.0.0-dev.20260413.1':
    optional: true

  '@typescript/native-preview-linux-x64@7.0.0-dev.20260413.1':
    optional: true

  '@typescript/native-preview-win32-arm64@7.0.0-dev.20260413.1':
    optional: true

  '@typescript/native-preview-win32-x64@7.0.0-dev.20260413.1':
    optional: true

  '@typescript/native-preview@7.0.0-dev.20260413.1':
    optionalDependencies:
      '@typescript/native-preview-darwin-arm64': 7.0.0-dev.20260413.1
      '@typescript/native-preview-darwin-x64': 7.0.0-dev.20260413.1
      '@typescript/native-preview-linux-arm': 7.0.0-dev.20260413.1
      '@typescript/native-preview-linux-arm64': 7.0.0-dev.20260413.1
      '@typescript/native-preview-linux-x64': 7.0.0-dev.20260413.1
      '@typescript/native-preview-win32-arm64': 7.0.0-dev.20260413.1
      '@typescript/native-preview-win32-x64': 7.0.0-dev.20260413.1

  prettier@3.8.2: {}

  typescript-config-silverwind@17.0.0: {}

  typescript@6.0.2: {}

  undici-types@7.19.2: {}

  updates-config-silverwind@2.1.0(prettier@3.8.2):
    dependencies:
      prettier: 3.8.2

  versions@14.3.1: {}
